hash: 557ced4e79552a64293b57e8d80ed175d0166552f4adb823156a806c8a65686f
updated: 2016-05-17T15:34:17.066872187-07:00
imports:
- name: github.com/davecgh/go-spew
  version: 5215b55f46b2b919f50a1df0eaa5886afe4e3b3d
  subpackages:
  - spew
- name: github.com/docker/docker
  version: 0f5c9d301b9b1cca66b3ea0f9dec3b5317d3686d
  subpackages:
  - pkg/jsonmessage
  - pkg/mount
  - pkg/stdcopy
  - pkg/symlink
  - pkg/term
  - pkg/term/winconsole
  - pkg/timeutils
  - pkg/units
- name: github.com/docker/go-units
  version: 0bbddae09c5a5419a8c6dcdd7ff90da3d450393b
- name: github.com/emicklei/go-restful
  version: 496d495156da218b9912f03dfa7df7f80fbd8cc3
  subpackages:
  - swagger
  - log
- name: github.com/ghodss/yaml
  version: 73d445a93680fa1a78ae23a5839bad48f32ba1ee
- name: github.com/gogo/protobuf
  version: 82d16f734d6d871204a3feb1a73cb220cc92574c
  subpackages:
  - gogoproto
  - plugin/defaultcheck
  - plugin/description
  - plugin/embedcheck
  - plugin/enumstringer
  - plugin/equal
  - plugin/face
  - plugin/gostring
  - plugin/grpc
  - plugin/marshalto
  - plugin/oneofcheck
  - plugin/populate
  - plugin/size
  - plugin/stringer
  - plugin/testgen
  - plugin/union
  - plugin/unmarshal
  - proto
  - protoc-gen-gogo/descriptor
  - protoc-gen-gogo/generator
  - protoc-gen-gogo/plugin
  - sortkeys
  - vanity
  - vanity/command
- name: github.com/golang/glog
  version: 23def4e6c14b4da8ac2ed8007337bc5eb5007998
- name: github.com/google/gofuzz
  version: bbcb9da2d746f8bdbd6a936686a0a6067ada0ec5
- name: github.com/jchauncey/kubeclient
  version: 9818037c585aa7c70c7c79125a900e966e22f03e
  subpackages:
  - client/unversioned
  - api
  - api/errors
  - api/meta
  - api/unversioned
  - api/v1
  - api/validation
  - apimachinery/registered
  - apis/extensions
  - client/transport
  - fields
  - labels
  - runtime
  - util
  - util/net
  - util/sets
  - util/wait
  - version
  - watch
  - watch/json
  - api/resource
  - auth/user
  - conversion
  - runtime/serializer
  - types
  - util/intstr
  - util/rand
  - util/validation/field
  - util/parsers
  - api/util
  - capabilities
  - util/errors
  - util/validation
  - util/yaml
  - apimachinery
  - conversion/queryparams
  - util/runtime
  - third_party/forked/reflect
  - runtime/serializer/json
  - runtime/serializer/recognizer
  - runtime/serializer/versioning
- name: github.com/juju/ratelimit
  version: 77ed1c8a01217656d2080ad51981f6e99adaa177
- name: github.com/opencontainers/runc
  version: 7ca2aa4873aea7cb4265b1726acb24b90d8726c6
  subpackages:
  - libcontainer
  - libcontainer/apparmor
  - libcontainer/cgroups
  - libcontainer/cgroups/fs
  - libcontainer/cgroups/systemd
  - libcontainer/configs
  - libcontainer/configs/validate
  - libcontainer/criurpc
  - libcontainer/label
  - libcontainer/seccomp
  - libcontainer/selinux
  - libcontainer/stacktrace
  - libcontainer/system
  - libcontainer/user
  - libcontainer/utils
- name: github.com/pborman/uuid
  version: ca53cad383cad2479bbba7f7a1a05797ec1386e4
- name: github.com/spf13/pflag
  version: 08b1a584251b5b62f458943640fc8ebd4d50aaa5
- name: github.com/ugorji/go
  version: f4485b318aadd133842532f841dc205a8e339d74
  subpackages:
  - codec
  - codec/codecgen
- name: golang.org/x/net
  version: c2528b2dd8352441850638a8bb678c2ad056fd3e
  subpackages:
  - context
  - context/ctxhttp
  - html
  - html/atom
  - http2
  - http2/hpack
  - internal/timeseries
  - proxy
  - trace
  - websocket
- name: gopkg.in/inf.v0
  version: 3887ee99ecf07df5b447e9b00d9c0b2adaa9f3e4
- name: gopkg.in/yaml.v2
  version: a83829b6f1293c91addabc89d0571c246397bbf4
- name: k8s.io/kubernetes
  version: 088a683a2c8ddc775ae12c7276beb709416092a2
  subpackages:
  - pkg/api
  - pkg/fields
  - pkg/labels
  - pkg/watch
  - pkg/api/meta
  - pkg/api/resource
  - pkg/api/unversioned
  - pkg/auth/user
  - pkg/conversion
  - pkg/runtime
  - pkg/runtime/serializer
  - pkg/types
  - pkg/util
  - pkg/util/intstr
  - pkg/util/rand
  - pkg/util/sets
  - pkg/util/validation
  - pkg/util/net
  - pkg/util/runtime
  - pkg/util/wait
  - pkg/util/errors
  - third_party/forked/reflect
  - pkg/conversion/queryparams
  - pkg/util/json
  - pkg/runtime/serializer/json
  - pkg/runtime/serializer/protobuf
  - pkg/runtime/serializer/recognizer
  - pkg/runtime/serializer/versioning
  - pkg/util/framer
  - pkg/util/yaml
- name: speter.net/go/exp/math/dec/inf
  version: 42ca6cd68aa922bc3f32f1e056e61b65945d9ad7
devImports: []
